
Microsoft Visual Studio Solution File, Format Version 12.00
# Visual Studio 15
VisualStudioVersion = 15.0.26730.16
MinimumVisualStudioVersion = 10.0.40219.1
Project("{9092AA53-FB77-4645-B42D-1CCCA6BD08BD}") = "FromExistingCode1", "FromExistingCode1.njsproj", "{666AFE17-D499-4280-9AC6-DBC4C3EA2D4E}"
EndProject
Global
	GlobalSection(SolutionConfigurationPlatforms) = preSolution
		Debug|Any CPU = Debug|Any CPU
		Release|Any CPU = Release|Any CPU
	EndGlobalSection
	GlobalSection(ProjectConfigurationPlatforms) = postSolution
		{666AFE17-D499-4280-9AC6-DBC4C3EA2D4E}.Debug|Any CPU.ActiveCfg = Debug|Any CPU
		{666AFE17-D499-4280-9AC6-DBC4C3EA2D4E}.Debug|Any CPU.Build.0 = Debug|Any CPU
		{666AFE17-D499-4280-9AC6-DBC4C3EA2D4E}.Release|Any CPU.ActiveCfg = Release|Any CPU
		{666AFE17-D499-4280-9AC6-DBC4C3EA2D4E}.Release|Any CPU.Build.0 = Release|Any CPU
	EndGlobalSection
	GlobalSection(SolutionProperties) = preSolution
		HideSolutionNode = FALSE
	EndGlobalSection
	GlobalSection(ExtensibilityGlobals) = postSolution
		SolutionGuid = {528B73CD-EDA6-45D2-BBAB-93A6C1775D02}
	EndGlobalSection
EndGlobal
